
Microsoft Visual Studio Solution File, Format Version 12.00
# Visual Studio 15
Project("{FAE04EC0-301F-11D3-BF4B-00C04F79EFBC}") = "Unity.Timeline", "Unity.Timeline.csproj", "{8FEBE8F0-AAA3-CA32-C69F-1CC0CBE70CB2}"
EndProject
Project("{FAE04EC0-301F-11D3-BF4B-00C04F79EFBC}") = "Unity.Timeline.Editor", "Unity.Timeline.Editor.csproj", "{CB6D81E8-B07D-A070-F8A8-1354248E434F}"
EndProject
Project("{FAE04EC0-301F-11D3-BF4B-00C04F79EFBC}") = "Unity.TextMeshPro.Editor", "Unity.TextMeshPro.Editor.csproj", "{55A1CD97-424D-8015-F5EE-FC98C8BF8ED2}"
EndProject
Project("{FAE04EC0-301F-11D3-BF4B-00C04F79EFBC}") = "Unity.VisualScripting.Flow", "Unity.VisualScripting.Flow.csproj", "{5175F463-343A-D8DF-D0FD-EA2400D12339}"
EndProject
Project("{FAE04EC0-301F-11D3-BF4B-00C04F79EFBC}") = "Unity.PlasticSCM.Editor", "Unity.PlasticSCM.Editor.csproj", "{51565591-BF4F-355E-CA6E-4FD56EF83323}"
EndProject
Project("{FAE04EC0-301F-11D3-BF4B-00C04F79EFBC}") = "Unity.InputSystem", "Unity.InputSystem.csproj", "{E05BF874-C218-A1E2-1449-DE1EC046F441}"
EndProject
Project("{FAE04EC0-301F-11D3-BF4B-00C04F79EFBC}") = "Unity.VisualScripting.Core", "Unity.VisualScripting.Core.csproj", "{555EDA9E-AAEA-1E26-5480-4753AD795807}"
EndProject
Project("{FAE04EC0-301F-11D3-BF4B-00C04F79EFBC}") = "Unity.VisualScripting.Core.Editor", "Unity.VisualScripting.Core.Editor.csproj", "{23F26972-997A-BC5D-EBED-7188C461EEDB}"
EndProject
Project("{FAE04EC0-301F-11D3-BF4B-00C04F79EFBC}") = "Unity.VisualScripting.Flow.Editor", "Unity.VisualScripting.Flow.Editor.csproj", "{C0B3ABA3-65AC-2C51-A7F6-1CC3D341E4C4}"
EndProject
Project("{FAE04EC0-301F-11D3-BF4B-00C04F79EFBC}") = "UnityEditor.TestRunner", "UnityEditor.TestRunner.csproj", "{31C41B49-FCEF-2A22-6C78-6081C25B7014}"
EndProject
Project("{FAE04EC0-301F-11D3-BF4B-00C04F79EFBC}") = "Assembly-CSharp", "Assembly-CSharp.csproj", "{05E80D49-1975-F444-A953-CBFD372CDA2D}"
EndProject
Project("{FAE04EC0-301F-11D3-BF4B-00C04F79EFBC}") = "Unity.VisualScripting.SettingsProvider.Editor", "Unity.VisualScripting.SettingsProvider.Editor.csproj", "{FD4341E8-5FAB-0F24-E2A9-279C8A88BB90}"
EndProject
Project("{FAE04EC0-301F-11D3-BF4B-00C04F79EFBC}") = "UnityEngine.TestRunner", "UnityEngine.TestRunner.csproj", "{6A6670E8-4508-3136-86CB-B6C7AD2AC285}"
EndProject
Project("{FAE04EC0-301F-11D3-BF4B-00C04F79EFBC}") = "Unity.VisualStudio.Editor", "Unity.VisualStudio.Editor.csproj", "{33033E75-A060-046B-1FE3-AD658C8C37DB}"
EndProject
Project("{FAE04EC0-301F-11D3-BF4B-00C04F79EFBC}") = "Unity.TestTools.CodeCoverage.Editor.OpenCover.Model", "Unity.TestTools.CodeCoverage.Editor.OpenCover.Model.csproj", "{731F4E4B-2AE8-365A-FFDD-0CF674207F25}"
EndProject
Project("{FAE04EC0-301F-11D3-BF4B-00C04F79EFBC}") = "Unity.Rider.Editor", "Unity.Rider.Editor.csproj", "{DB14A1A7-4FF5-9087-6853-48582736F8A0}"
EndProject
Project("{FAE04EC0-301F-11D3-BF4B-00C04F79EFBC}") = "Unity.VisualScripting.State.Editor", "Unity.VisualScripting.State.Editor.csproj", "{F20FC823-4671-02AA-CB85-994860C68216}"
EndProject
Project("{FAE04EC0-301F-11D3-BF4B-00C04F79EFBC}") = "Unity.TestTools.CodeCoverage.Editor", "Unity.TestTools.CodeCoverage.Editor.csproj", "{74F7E815-6986-EE5B-A51F-61B9126CE5CA}"
EndProject
Project("{FAE04EC0-301F-11D3-BF4B-00C04F79EFBC}") = "Assembly-CSharp-Editor", "Assembly-CSharp-Editor.csproj", "{454A34BC-01BF-384C-E3B9-72D5CF324FA7}"
EndProject
Project("{FAE04EC0-301F-11D3-BF4B-00C04F79EFBC}") = "Unity.VisualScripting.State", "Unity.VisualScripting.State.csproj", "{CE0F30AB-494A-C9D6-2D9F-CD1A5E201642}"
EndProject
Project("{FAE04EC0-301F-11D3-BF4B-00C04F79EFBC}") = "Unity.TextMeshPro", "Unity.TextMeshPro.csproj", "{6CEE0875-7EDC-20EE-3B80-6170C1369C94}"
EndProject
Project("{FAE04EC0-301F-11D3-BF4B-00C04F79EFBC}") = "Unity.Performance.Profile-Analyzer.Editor", "Unity.Performance.Profile-Analyzer.Editor.csproj", "{2232D03A-184E-BA22-3227-E39E3E731661}"
EndProject
Project("{FAE04EC0-301F-11D3-BF4B-00C04F79EFBC}") = "Unity.VSCode.Editor", "Unity.VSCode.Editor.csproj", "{35854259-0118-B223-AEA5-A788C1BF0FE6}"
EndProject
Project("{FAE04EC0-301F-11D3-BF4B-00C04F79EFBC}") = "Unity.TestTools.CodeCoverage.Editor.OpenCover.Mono.Reflection", "Unity.TestTools.CodeCoverage.Editor.OpenCover.Mono.Reflection.csproj", "{4AFC0490-A505-772E-F0DE-460569217A08}"
EndProject
Project("{FAE04EC0-301F-11D3-BF4B-00C04F79EFBC}") = "Unity.Settings.Editor", "Unity.Settings.Editor.csproj", "{3691A3F9-D302-FA4F-91D3-B8E4D9F754AC}"
EndProject
Project("{FAE04EC0-301F-11D3-BF4B-00C04F79EFBC}") = "Unity.InputSystem.ForUI", "Unity.InputSystem.ForUI.csproj", "{23025ED9-A309-668F-D01E-79742E8DB9E9}"
EndProject
Project("{FAE04EC0-301F-11D3-BF4B-00C04F79EFBC}") = "Unity.EditorCoroutines.Editor", "Unity.EditorCoroutines.Editor.csproj", "{535E67AF-FC6E-6166-A20B-ADDFFEC317E0}"
EndProject
Project("{FAE04EC0-301F-11D3-BF4B-00C04F79EFBC}") = "Unity.InputSystem.TestFramework", "Unity.InputSystem.TestFramework.csproj", "{090CA407-77AC-2BB9-7F38-766EAD0EB878}"
EndProject
Project("{FAE04EC0-301F-11D3-BF4B-00C04F79EFBC}") = "Unity.VisualScripting.Shared.Editor", "Unity.VisualScripting.Shared.Editor.csproj", "{72C9EE0A-EB23-4132-E590-629BC6072A1F}"
EndProject
Project("{FAE04EC0-301F-11D3-BF4B-00C04F79EFBC}") = "Unity.CollabProxy.Editor", "Unity.CollabProxy.Editor.csproj", "{CC3EC99A-C065-E6A8-7B94-D2EA877D4E99}"
EndProject
Global
	GlobalSection(SolutionConfigurationPlatforms) = preSolution
		Debug|Any CPU = Debug|Any CPU
		Release|Any CPU = Release|Any CPU
	EndGlobalSection
	GlobalSection(ProjectConfigurationPlatforms) = postSolution
		{8FEBE8F0-AAA3-CA32-C69F-1CC0CBE70CB2}.Debug|Any CPU.ActiveCfg = Debug|Any CPU
		{8FEBE8F0-AAA3-CA32-C69F-1CC0CBE70CB2}.Debug|Any CPU.Build.0 = Debug|Any CPU
		{8FEBE8F0-AAA3-CA32-C69F-1CC0CBE70CB2}.Release|Any CPU.ActiveCfg = Release|Any CPU
		{8FEBE8F0-AAA3-CA32-C69F-1CC0CBE70CB2}.Release|Any CPU.Build.0 = Release|Any CPU
		{CB6D81E8-B07D-A070-F8A8-1354248E434F}.Debug|Any CPU.ActiveCfg = Debug|Any CPU
		{CB6D81E8-B07D-A070-F8A8-1354248E434F}.Debug|Any CPU.Build.0 = Debug|Any CPU
		{CB6D81E8-B07D-A070-F8A8-1354248E434F}.Release|Any CPU.ActiveCfg = Release|Any CPU
		{CB6D81E8-B07D-A070-F8A8-1354248E434F}.Release|Any CPU.Build.0 = Release|Any CPU
		{55A1CD97-424D-8015-F5EE-FC98C8BF8ED2}.Debug|Any CPU.ActiveCfg = Debug|Any CPU
		{55A1CD97-424D-8015-F5EE-FC98C8BF8ED2}.Debug|Any CPU.Build.0 = Debug|Any CPU
		{55A1CD97-424D-8015-F5EE-FC98C8BF8ED2}.Release|Any CPU.ActiveCfg = Release|Any CPU
		{55A1CD97-424D-8015-F5EE-FC98C8BF8ED2}.Release|Any CPU.Build.0 = Release|Any CPU
		{5175F463-343A-D8DF-D0FD-EA2400D12339}.Debug|Any CPU.ActiveCfg = Debug|Any CPU
		{5175F463-343A-D8DF-D0FD-EA2400D12339}.Debug|Any CPU.Build.0 = Debug|Any CPU
		{5175F463-343A-D8DF-D0FD-EA2400D12339}.Release|Any CPU.ActiveCfg = Release|Any CPU
		{5175F463-343A-D8DF-D0FD-EA2400D12339}.Release|Any CPU.Build.0 = Release|Any CPU
		{51565591-BF4F-355E-CA6E-4FD56EF83323}.Debug|Any CPU.ActiveCfg = Debug|Any CPU
		{51565591-BF4F-355E-CA6E-4FD56EF83323}.Debug|Any CPU.Build.0 = Debug|Any CPU
		{51565591-BF4F-355E-CA6E-4FD56EF83323}.Release|Any CPU.ActiveCfg = Release|Any CPU
		{51565591-BF4F-355E-CA6E-4FD56EF83323}.Release|Any CPU.Build.0 = Release|Any CPU
		{E05BF874-C218-A1E2-1449-DE1EC046F441}.Debug|Any CPU.ActiveCfg = Debug|Any CPU
		{E05BF874-C218-A1E2-1449-DE1EC046F441}.Debug|Any CPU.Build.0 = Debug|Any CPU
		{E05BF874-C218-A1E2-1449-DE1EC046F441}.Release|Any CPU.ActiveCfg = Release|Any CPU
		{E05BF874-C218-A1E2-1449-DE1EC046F441}.Release|Any CPU.Build.0 = Release|Any CPU
		{555EDA9E-AAEA-1E26-5480-4753AD795807}.Debug|Any CPU.ActiveCfg = Debug|Any CPU
		{555EDA9E-AAEA-1E26-5480-4753AD795807}.Debug|Any CPU.Build.0 = Debug|Any CPU
		{555EDA9E-AAEA-1E26-5480-4753AD795807}.Release|Any CPU.ActiveCfg = Release|Any CPU
		{555EDA9E-AAEA-1E26-5480-4753AD795807}.Release|Any CPU.Build.0 = Release|Any CPU
		{23F26972-997A-BC5D-EBED-7188C461EEDB}.Debug|Any CPU.ActiveCfg = Debug|Any CPU
		{23F26972-997A-BC5D-EBED-7188C461EEDB}.Debug|Any CPU.Build.0 = Debug|Any CPU
		{23F26972-997A-BC5D-EBED-7188C461EEDB}.Release|Any CPU.ActiveCfg = Release|Any CPU
		{23F26972-997A-BC5D-EBED-7188C461EEDB}.Release|Any CPU.Build.0 = Release|Any CPU
		{C0B3ABA3-65AC-2C51-A7F6-1CC3D341E4C4}.Debug|Any CPU.ActiveCfg = Debug|Any CPU
		{C0B3ABA3-65AC-2C51-A7F6-1CC3D341E4C4}.Debug|Any CPU.Build.0 = Debug|Any CPU
		{C0B3ABA3-65AC-2C51-A7F6-1CC3D341E4C4}.Release|Any CPU.ActiveCfg = Release|Any CPU
		{C0B3ABA3-65AC-2C51-A7F6-1CC3D341E4C4}.Release|Any CPU.Build.0 = Release|Any CPU
		{31C41B49-FCEF-2A22-6C78-6081C25B7014}.Debug|Any CPU.ActiveCfg = Debug|Any CPU
		{31C41B49-FCEF-2A22-6C78-6081C25B7014}.Debug|Any CPU.Build.0 = Debug|Any CPU
		{31C41B49-FCEF-2A22-6C78-6081C25B7014}.Release|Any CPU.ActiveCfg = Release|Any CPU
		{31C41B49-FCEF-2A22-6C78-6081C25B7014}.Release|Any CPU.Build.0 = Release|Any CPU
		{05E80D49-1975-F444-A953-CBFD372CDA2D}.Debug|Any CPU.ActiveCfg = Debug|Any CPU
		{05E80D49-1975-F444-A953-CBFD372CDA2D}.Debug|Any CPU.Build.0 = Debug|Any CPU
		{05E80D49-1975-F444-A953-CBFD372CDA2D}.Release|Any CPU.ActiveCfg = Release|Any CPU
		{05E80D49-1975-F444-A953-CBFD372CDA2D}.Release|Any CPU.Build.0 = Release|Any CPU
		{FD4341E8-5FAB-0F24-E2A9-279C8A88BB90}.Debug|Any CPU.ActiveCfg = Debug|Any CPU
		{FD4341E8-5FAB-0F24-E2A9-279C8A88BB90}.Debug|Any CPU.Build.0 = Debug|Any CPU
		{FD4341E8-5FAB-0F24-E2A9-279C8A88BB90}.Release|Any CPU.ActiveCfg = Release|Any CPU
		{FD4341E8-5FAB-0F24-E2A9-279C8A88BB90}.Release|Any CPU.Build.0 = Release|Any CPU
		{6A6670E8-4508-3136-86CB-B6C7AD2AC285}.Debug|Any CPU.ActiveCfg = Debug|Any CPU
		{6A6670E8-4508-3136-86CB-B6C7AD2AC285}.Debug|Any CPU.Build.0 = Debug|Any CPU
		{6A6670E8-4508-3136-86CB-B6C7AD2AC285}.Release|Any CPU.ActiveCfg = Release|Any CPU
		{6A6670E8-4508-3136-86CB-B6C7AD2AC285}.Release|Any CPU.Build.0 = Release|Any CPU
		{33033E75-A060-046B-1FE3-AD658C8C37DB}.Debug|Any CPU.ActiveCfg = Debug|Any CPU
		{33033E75-A060-046B-1FE3-AD658C8C37DB}.Debug|Any CPU.Build.0 = Debug|Any CPU
		{33033E75-A060-046B-1FE3-AD658C8C37DB}.Release|Any CPU.ActiveCfg = Release|Any CPU
		{33033E75-A060-046B-1FE3-AD658C8C37DB}.Release|Any CPU.Build.0 = Release|Any CPU
		{731F4E4B-2AE8-365A-FFDD-0CF674207F25}.Debug|Any CPU.ActiveCfg = Debug|Any CPU
		{731F4E4B-2AE8-365A-FFDD-0CF674207F25}.Debug|Any CPU.Build.0 = Debug|Any CPU
		{731F4E4B-2AE8-365A-FFDD-0CF674207F25}.Release|Any CPU.ActiveCfg = Release|Any CPU
		{731F4E4B-2AE8-365A-FFDD-0CF674207F25}.Release|Any CPU.Build.0 = Release|Any CPU
		{DB14A1A7-4FF5-9087-6853-48582736F8A0}.Debug|Any CPU.ActiveCfg = Debug|Any CPU
		{DB14A1A7-4FF5-9087-6853-48582736F8A0}.Debug|Any CPU.Build.0 = Debug|Any CPU
		{DB14A1A7-4FF5-9087-6853-48582736F8A0}.Release|Any CPU.ActiveCfg = Release|Any CPU
		{DB14A1A7-4FF5-9087-6853-48582736F8A0}.Release|Any CPU.Build.0 = Release|Any CPU
		{F20FC823-4671-02AA-CB85-994860C68216}.Debug|Any CPU.ActiveCfg = Debug|Any CPU
		{F20FC823-4671-02AA-CB85-994860C68216}.Debug|Any CPU.Build.0 = Debug|Any CPU
		{F20FC823-4671-02AA-CB85-994860C68216}.Release|Any CPU.ActiveCfg = Release|Any CPU
		{F20FC823-4671-02AA-CB85-994860C68216}.Release|Any CPU.Build.0 = Release|Any CPU
		{74F7E815-6986-EE5B-A51F-61B9126CE5CA}.Debug|Any CPU.ActiveCfg = Debug|Any CPU
		{74F7E815-6986-EE5B-A51F-61B9126CE5CA}.Debug|Any CPU.Build.0 = Debug|Any CPU
		{74F7E815-6986-EE5B-A51F-61B9126CE5CA}.Release|Any CPU.ActiveCfg = Release|Any CPU
		{74F7E815-6986-EE5B-A51F-61B9126CE5CA}.Release|Any CPU.Build.0 = Release|Any CPU
		{454A34BC-01BF-384C-E3B9-72D5CF324FA7}.Debug|Any CPU.ActiveCfg = Debug|Any CPU
		{454A34BC-01BF-384C-E3B9-72D5CF324FA7}.Debug|Any CPU.Build.0 = Debug|Any CPU
		{454A34BC-01BF-384C-E3B9-72D5CF324FA7}.Release|Any CPU.ActiveCfg = Release|Any CPU
		{454A34BC-01BF-384C-E3B9-72D5CF324FA7}.Release|Any CPU.Build.0 = Release|Any CPU
		{CE0F30AB-494A-C9D6-2D9F-CD1A5E201642}.Debug|Any CPU.ActiveCfg = Debug|Any CPU
		{CE0F30AB-494A-C9D6-2D9F-CD1A5E201642}.Debug|Any CPU.Build.0 = Debug|Any CPU
		{CE0F30AB-494A-C9D6-2D9F-CD1A5E201642}.Release|Any CPU.ActiveCfg = Release|Any CPU
		{CE0F30AB-494A-C9D6-2D9F-CD1A5E201642}.Release|Any CPU.Build.0 = Release|Any CPU
		{6CEE0875-7EDC-20EE-3B80-6170C1369C94}.Debug|Any CPU.ActiveCfg = Debug|Any CPU
		{6CEE0875-7EDC-20EE-3B80-6170C1369C94}.Debug|Any CPU.Build.0 = Debug|Any CPU
		{6CEE0875-7EDC-20EE-3B80-6170C1369C94}.Release|Any CPU.ActiveCfg = Release|Any CPU
		{6CEE0875-7EDC-20EE-3B80-6170C1369C94}.Release|Any CPU.Build.0 = Release|Any CPU
		{2232D03A-184E-BA22-3227-E39E3E731661}.Debug|Any CPU.ActiveCfg = Debug|Any CPU
		{2232D03A-184E-BA22-3227-E39E3E731661}.Debug|Any CPU.Build.0 = Debug|Any CPU
		{2232D03A-184E-BA22-3227-E39E3E731661}.Release|Any CPU.ActiveCfg = Release|Any CPU
		{2232D03A-184E-BA22-3227-E39E3E731661}.Release|Any CPU.Build.0 = Release|Any CPU
		{35854259-0118-B223-AEA5-A788C1BF0FE6}.Debug|Any CPU.ActiveCfg = Debug|Any CPU
		{35854259-0118-B223-AEA5-A788C1BF0FE6}.Debug|Any CPU.Build.0 = Debug|Any CPU
		{35854259-0118-B223-AEA5-A788C1BF0FE6}.Release|Any CPU.ActiveCfg = Release|Any CPU
		{35854259-0118-B223-AEA5-A788C1BF0FE6}.Release|Any CPU.Build.0 = Release|Any CPU
		{4AFC0490-A505-772E-F0DE-460569217A08}.Debug|Any CPU.ActiveCfg = Debug|Any CPU
		{4AFC0490-A505-772E-F0DE-460569217A08}.Debug|Any CPU.Build.0 = Debug|Any CPU
		{4AFC0490-A505-772E-F0DE-460569217A08}.Release|Any CPU.ActiveCfg = Release|Any CPU
		{4AFC0490-A505-772E-F0DE-460569217A08}.Release|Any CPU.Build.0 = Release|Any CPU
		{3691A3F9-D302-FA4F-91D3-B8E4D9F754AC}.Debug|Any CPU.ActiveCfg = Debug|Any CPU
		{3691A3F9-D302-FA4F-91D3-B8E4D9F754AC}.Debug|Any CPU.Build.0 = Debug|Any CPU
		{3691A3F9-D302-FA4F-91D3-B8E4D9F754AC}.Release|Any CPU.ActiveCfg = Release|Any CPU
		{3691A3F9-D302-FA4F-91D3-B8E4D9F754AC}.Release|Any CPU.Build.0 = Release|Any CPU
		{23025ED9-A309-668F-D01E-79742E8DB9E9}.Debug|Any CPU.ActiveCfg = Debug|Any CPU
		{23025ED9-A309-668F-D01E-79742E8DB9E9}.Debug|Any CPU.Build.0 = Debug|Any CPU
		{23025ED9-A309-668F-D01E-79742E8DB9E9}.Release|Any CPU.ActiveCfg = Release|Any CPU
		{23025ED9-A309-668F-D01E-79742E8DB9E9}.Release|Any CPU.Build.0 = Release|Any CPU
		{535E67AF-FC6E-6166-A20B-ADDFFEC317E0}.Debug|Any CPU.ActiveCfg = Debug|Any CPU
		{535E67AF-FC6E-6166-A20B-ADDFFEC317E0}.Debug|Any CPU.Build.0 = Debug|Any CPU
		{535E67AF-FC6E-6166-A20B-ADDFFEC317E0}.Release|Any CPU.ActiveCfg = Release|Any CPU
		{535E67AF-FC6E-6166-A20B-ADDFFEC317E0}.Release|Any CPU.Build.0 = Release|Any CPU
		{090CA407-77AC-2BB9-7F38-766EAD0EB878}.Debug|Any CPU.ActiveCfg = Debug|Any CPU
		{090CA407-77AC-2BB9-7F38-766EAD0EB878}.Debug|Any CPU.Build.0 = Debug|Any CPU
		{090CA407-77AC-2BB9-7F38-766EAD0EB878}.Release|Any CPU.ActiveCfg = Release|Any CPU
		{090CA407-77AC-2BB9-7F38-766EAD0EB878}.Release|Any CPU.Build.0 = Release|Any CPU
		{72C9EE0A-EB23-4132-E590-629BC6072A1F}.Debug|Any CPU.ActiveCfg = Debug|Any CPU
		{72C9EE0A-EB23-4132-E590-629BC6072A1F}.Debug|Any CPU.Build.0 = Debug|Any CPU
		{72C9EE0A-EB23-4132-E590-629BC6072A1F}.Release|Any CPU.ActiveCfg = Release|Any CPU
		{72C9EE0A-EB23-4132-E590-629BC6072A1F}.Release|Any CPU.Build.0 = Release|Any CPU
		{CC3EC99A-C065-E6A8-7B94-D2EA877D4E99}.Debug|Any CPU.ActiveCfg = Debug|Any CPU
		{CC3EC99A-C065-E6A8-7B94-D2EA877D4E99}.Debug|Any CPU.Build.0 = Debug|Any CPU
		{CC3EC99A-C065-E6A8-7B94-D2EA877D4E99}.Release|Any CPU.ActiveCfg = Release|Any CPU
		{CC3EC99A-C065-E6A8-7B94-D2EA877D4E99}.Release|Any CPU.Build.0 = Release|Any CPU
	EndGlobalSection
	GlobalSection(SolutionProperties) = preSolution
		HideSolutionNode = FALSE
	EndGlobalSection
EndGlobal
